// !$*UTF8*$!
{
	archiveVersion = 1;
	classes = {
	};
	objectVersion = 46;
	objects = {

/* Begin PBXBuildFile section */
		71BB082F1B5733C00064B326 /* FormItemCell.m in Sources */ = {isa = PBXBuildFile; fileRef = 71DE33E31B5060C7007F3ADF /* FormItemCell.m */; };
		71BB08301B5733C00064B326 /* ButtonCell.m in Sources */ = {isa = PBXBuildFile; fileRef = 71DE33E61B5060DF007F3ADF /* ButtonCell.m */; };
		71BB08311B5733C00064B326 /* TealiumIQ.m in Sources */ = {isa = PBXBuildFile; fileRef = 71DA80231B546BF4003E94FE /* TealiumIQ.m */; };
		71BB08321B5733C00064B326 /* AppDelegate.m in Sources */ = {isa = PBXBuildFile; fileRef = 71DE33B71B505BBF007F3ADF /* AppDelegate.m */; };
		71BB08331B5733C00064B326 /* APISampler.m in Sources */ = {isa = PBXBuildFile; fileRef = 71DE33DF1B506093007F3ADF /* APISampler.m */; };
		71BB08341B5733C00064B326 /* main.m in Sources */ = {isa = PBXBuildFile; fileRef = 71DE33B41B505BBF007F3ADF /* main.m */; };
		71BB08351B5733C00064B326 /* Settings.m in Sources */ = {isa = PBXBuildFile; fileRef = 71DE33DC1B50607A007F3ADF /* Settings.m */; };
		71BB08371B5733C00064B326 /* SystemConfiguration.framework in Frameworks */ = {isa = PBXBuildFile; fileRef = 71DE33EC1B5067E1007F3ADF /* SystemConfiguration.framework */; };
		71BB083A1B5733C00064B326 /* Main.storyboard in Resources */ = {isa = PBXBuildFile; fileRef = 71DE33BF1B505BBF007F3ADF /* Main.storyboard */; };
		71BB083B1B5733C00064B326 /* LaunchScreen.xib in Resources */ = {isa = PBXBuildFile; fileRef = 71DE33C41B505BBF007F3ADF /* LaunchScreen.xib */; };
		71BB083C1B5733C00064B326 /* settings_3-25.png in Resources */ = {isa = PBXBuildFile; fileRef = 71DA80281B54A2C7003E94FE /* settings_3-25.png */; };
		71BB083D1B5733C00064B326 /* design-25.png in Resources */ = {isa = PBXBuildFile; fileRef = 71DA80271B54A2C7003E94FE /* design-25.png */; };
		71BB083E1B5733C00064B326 /* Images.xcassets in Resources */ = {isa = PBXBuildFile; fileRef = 71DE33C21B505BBF007F3ADF /* Images.xcassets */; };
		71BB08461B5733F70064B326 /* FormItemCell.m in Sources */ = {isa = PBXBuildFile; fileRef = 71DE33E31B5060C7007F3ADF /* FormItemCell.m */; };
		71BB08471B5733F70064B326 /* ButtonCell.m in Sources */ = {isa = PBXBuildFile; fileRef = 71DE33E61B5060DF007F3ADF /* ButtonCell.m */; };
		71BB08481B5733F70064B326 /* TealiumIQ.m in Sources */ = {isa = PBXBuildFile; fileRef = 71DA80231B546BF4003E94FE /* TealiumIQ.m */; };
		71BB08491B5733F70064B326 /* AppDelegate.m in Sources */ = {isa = PBXBuildFile; fileRef = 71DE33B71B505BBF007F3ADF /* AppDelegate.m */; };
		71BB084A1B5733F70064B326 /* APISampler.m in Sources */ = {isa = PBXBuildFile; fileRef = 71DE33DF1B506093007F3ADF /* APISampler.m */; };
		71BB084B1B5733F70064B326 /* main.m in Sources */ = {isa = PBXBuildFile; fileRef = 71DE33B41B505BBF007F3ADF /* main.m */; };
		71BB084C1B5733F70064B326 /* Settings.m in Sources */ = {isa = PBXBuildFile; fileRef = 71DE33DC1B50607A007F3ADF /* Settings.m */; };
		71BB084E1B5733F70064B326 /* SystemConfiguration.framework in Frameworks */ = {isa = PBXBuildFile; fileRef = 71DE33EC1B5067E1007F3ADF /* SystemConfiguration.framework */; };
		71BB08511B5733F70064B326 /* Main.storyboard in Resources */ = {isa = PBXBuildFile; fileRef = 71DE33BF1B505BBF007F3ADF /* Main.storyboard */; };
		71BB08521B5733F70064B326 /* LaunchScreen.xib in Resources */ = {isa = PBXBuildFile; fileRef = 71DE33C41B505BBF007F3ADF /* LaunchScreen.xib */; };
		71BB08531B5733F70064B326 /* settings_3-25.png in Resources */ = {isa = PBXBuildFile; fileRef = 71DA80281B54A2C7003E94FE /* settings_3-25.png */; };
		71BB08541B5733F70064B326 /* design-25.png in Resources */ = {isa = PBXBuildFile; fileRef = 71DA80271B54A2C7003E94FE /* design-25.png */; };
		71BB08551B5733F70064B326 /* Images.xcassets in Resources */ = {isa = PBXBuildFile; fileRef = 71DE33C21B505BBF007F3ADF /* Images.xcassets */; };
		71BB08661B573C300064B326 /* TealiumLibrary.framework in Frameworks */ = {isa = PBXBuildFile; fileRef = 71BB08651B573C300064B326 /* TealiumLibrary.framework */; };
		71BB086A1B573C430064B326 /* TealiumCollect.framework in Frameworks */ = {isa = PBXBuildFile; fileRef = 71BB08671B573C430064B326 /* TealiumCollect.framework */; };
		71BB086B1B573C430064B326 /* TealiumUtilities.framework in Frameworks */ = {isa = PBXBuildFile; fileRef = 71BB08691B573C430064B326 /* TealiumUtilities.framework */; };
		71BB08711B5741F90064B326 /* FormItemCell.m in Sources */ = {isa = PBXBuildFile; fileRef = 71DE33E31B5060C7007F3ADF /* FormItemCell.m */; };
		71BB08721B5741F90064B326 /* ButtonCell.m in Sources */ = {isa = PBXBuildFile; fileRef = 71DE33E61B5060DF007F3ADF /* ButtonCell.m */; };
		71BB08731B5741F90064B326 /* TealiumIQ.m in Sources */ = {isa = PBXBuildFile; fileRef = 71DA80231B546BF4003E94FE /* TealiumIQ.m */; };
		71BB08741B5741F90064B326 /* AppDelegate.m in Sources */ = {isa = PBXBuildFile; fileRef = 71DE33B71B505BBF007F3ADF /* AppDelegate.m */; };
		71BB08751B5741F90064B326 /* APISampler.m in Sources */ = {isa = PBXBuildFile; fileRef = 71DE33DF1B506093007F3ADF /* APISampler.m */; };
		71BB08761B5741F90064B326 /* main.m in Sources */ = {isa = PBXBuildFile; fileRef = 71DE33B41B505BBF007F3ADF /* main.m */; };
		71BB08771B5741F90064B326 /* Settings.m in Sources */ = {isa = PBXBuildFile; fileRef = 71DE33DC1B50607A007F3ADF /* Settings.m */; };
		71BB087A1B5741F90064B326 /* SystemConfiguration.framework in Frameworks */ = {isa = PBXBuildFile; fileRef = 71DE33EC1B5067E1007F3ADF /* SystemConfiguration.framework */; };
		71BB087C1B5741F90064B326 /* Main.storyboard in Resources */ = {isa = PBXBuildFile; fileRef = 71DE33BF1B505BBF007F3ADF /* Main.storyboard */; };
		71BB087D1B5741F90064B326 /* LaunchScreen.xib in Resources */ = {isa = PBXBuildFile; fileRef = 71DE33C41B505BBF007F3ADF /* LaunchScreen.xib */; };
		71BB087E1B5741F90064B326 /* settings_3-25.png in Resources */ = {isa = PBXBuildFile; fileRef = 71DA80281B54A2C7003E94FE /* settings_3-25.png */; };
		71BB087F1B5741F90064B326 /* design-25.png in Resources */ = {isa = PBXBuildFile; fileRef = 71DA80271B54A2C7003E94FE /* design-25.png */; };
		71BB08801B5741F90064B326 /* Images.xcassets in Resources */ = {isa = PBXBuildFile; fileRef = 71DE33C21B505BBF007F3ADF /* Images.xcassets */; };
		71BB08871B5745B90064B326 /* TealiumLibrary.framework in Frameworks */ = {isa = PBXBuildFile; fileRef = 71BB08861B5745B90064B326 /* TealiumLibrary.framework */; };
		71DA80241B546BF4003E94FE /* TealiumIQ.m in Sources */ = {isa = PBXBuildFile; fileRef = 71DA80231B546BF4003E94FE /* TealiumIQ.m */; };
		71DA80291B54A2C7003E94FE /* design-25.png in Resources */ = {isa = PBXBuildFile; fileRef = 71DA80271B54A2C7003E94FE /* design-25.png */; };
		71DA802A1B54A2C7003E94FE /* settings_3-25.png in Resources */ = {isa = PBXBuildFile; fileRef = 71DA80281B54A2C7003E94FE /* settings_3-25.png */; };
		71DE33B51B505BBF007F3ADF /* main.m in Sources */ = {isa = PBXBuildFile; fileRef = 71DE33B41B505BBF007F3ADF /* main.m */; };
		71DE33B81B505BBF007F3ADF /* AppDelegate.m in Sources */ = {isa = PBXBuildFile; fileRef = 71DE33B71B505BBF007F3ADF /* AppDelegate.m */; };
		71DE33C11B505BBF007F3ADF /* Main.storyboard in Resources */ = {isa = PBXBuildFile; fileRef = 71DE33BF1B505BBF007F3ADF /* Main.storyboard */; };
		71DE33C31B505BBF007F3ADF /* Images.xcassets in Resources */ = {isa = PBXBuildFile; fileRef = 71DE33C21B505BBF007F3ADF /* Images.xcassets */; };
		71DE33C61B505BBF007F3ADF /* LaunchScreen.xib in Resources */ = {isa = PBXBuildFile; fileRef = 71DE33C41B505BBF007F3ADF /* LaunchScreen.xib */; };
		71DE33D21B505BBF007F3ADF /* TealiumDemoTests.m in Sources */ = {isa = PBXBuildFile; fileRef = 71DE33D11B505BBF007F3ADF /* TealiumDemoTests.m */; };
		71DE33DD1B50607A007F3ADF /* Settings.m in Sources */ = {isa = PBXBuildFile; fileRef = 71DE33DC1B50607A007F3ADF /* Settings.m */; };
		71DE33E01B506093007F3ADF /* APISampler.m in Sources */ = {isa = PBXBuildFile; fileRef = 71DE33DF1B506093007F3ADF /* APISampler.m */; };
		71DE33E41B5060C7007F3ADF /* FormItemCell.m in Sources */ = {isa = PBXBuildFile; fileRef = 71DE33E31B5060C7007F3ADF /* FormItemCell.m */; };
		71DE33E71B5060DF007F3ADF /* ButtonCell.m in Sources */ = {isa = PBXBuildFile; fileRef = 71DE33E61B5060DF007F3ADF /* ButtonCell.m */; };
		71DE33ED1B5067E1007F3ADF /* SystemConfiguration.framework in Frameworks */ = {isa = PBXBuildFile; fileRef = 71DE33EC1B5067E1007F3ADF /* SystemConfiguration.framework */; };
/* End PBXBuildFile section */

/* Begin PBXContainerItemProxy section */
		71DE33CC1B505BBF007F3ADF /* PBXContainerItemProxy */ = {
			isa = PBXContainerItemProxy;
			containerPortal = 71DE33A71B505BBF007F3ADF /* Project object */;
			proxyType = 1;
			remoteGlobalIDString = 71DE33AE1B505BBF007F3ADF;
			remoteInfo = TealiumDemo;
		};
/* End PBXContainerItemProxy section */

/* Begin PBXFileReference section */
		71BB08421B5733C00064B326 /* TealiumDemo_Full.app */ = {isa = PBXFileReference; explicitFileType = wrapper.application; includeInIndex = 0; path = TealiumDemo_Full.app; sourceTree = BUILT_PRODUCTS_DIR; };
		71BB08431B5733C10064B326 /* TealiumDemo copy-Info.plist */ = {isa = PBXFileReference; lastKnownFileType = text.plist.xml; name = "TealiumDemo copy-Info.plist"; path = "/Users/jasonkoo/Jason/tealium-demo/ios/TealiumDemo/TealiumDemo copy-Info.plist"; sourceTree = "<absolute>"; };
		71BB08591B5733F70064B326 /* TealiumDemo_Collect.app */ = {isa = PBXFileReference; explicitFileType = wrapper.application; includeInIndex = 0; path = TealiumDemo_Collect.app; sourceTree = BUILT_PRODUCTS_DIR; };
		71BB085A1B5733F70064B326 /* TealiumDemo - Compact copy-Info.plist */ = {isa = PBXFileReference; lastKnownFileType = text.plist.xml; name = "TealiumDemo - Compact copy-Info.plist"; path = "/Users/jasonkoo/Jason/tealium-demo/ios/TealiumDemo/TealiumDemo - Compact copy-Info.plist"; sourceTree = "<absolute>"; };
		71BB08651B573C300064B326 /* TealiumLibrary.framework */ = {isa = PBXFileReference; lastKnownFileType = wrapper.framework; name = TealiumLibrary.framework; path = TealiumDemo/Libraries/Full/TealiumLibrary.framework; sourceTree = "<group>"; };
		71BB08671B573C430064B326 /* TealiumCollect.framework */ = {isa = PBXFileReference; lastKnownFileType = wrapper.framework; name = TealiumCollect.framework; path = TealiumDemo/Libraries/Collect/TealiumCollect.framework; sourceTree = "<group>"; };
		71BB08681B573C430064B326 /* TealiumCollectBridgingHeader.h */ = {isa = PBXFileReference; fileEncoding = 4; lastKnownFileType = sourcecode.c.h; name = TealiumCollectBridgingHeader.h; path = TealiumDemo/Libraries/Collect/TealiumCollectBridgingHeader.h; sourceTree = "<group>"; };
		71BB08691B573C430064B326 /* TealiumUtilities.framework */ = {isa = PBXFileReference; lastKnownFileType = wrapper.framework; name = TealiumUtilities.framework; path = TealiumDemo/Libraries/Collect/TealiumUtilities.framework; sourceTree = "<group>"; };
		71BB08841B5741F90064B326 /* TealiumDemo_Compact copy.app */ = {isa = PBXFileReference; explicitFileType = wrapper.application; includeInIndex = 0; path = "TealiumDemo_Compact copy.app"; sourceTree = BUILT_PRODUCTS_DIR; };
		71BB08851B5741FA0064B326 /* TealiumDemo_Compact copy-Info.plist */ = {isa = PBXFileReference; lastKnownFileType = text.plist.xml; name = "TealiumDemo_Compact copy-Info.plist"; path = "/Users/jasonkoo/Jason/tealium-demo/ios/TealiumDemo/TealiumDemo_Compact copy-Info.plist"; sourceTree = "<absolute>"; };
		71BB08861B5745B90064B326 /* TealiumLibrary.framework */ = {isa = PBXFileReference; lastKnownFileType = wrapper.framework; name = TealiumLibrary.framework; path = TealiumDemo/Libraries/Compact/TealiumLibrary.framework; sourceTree = "<group>"; };
		71DA80221B546BF4003E94FE /* TealiumIQ.h */ = {isa = PBXFileReference; fileEncoding = 4; lastKnownFileType = sourcecode.c.h; path = TealiumIQ.h; sourceTree = "<group>"; };
		71DA80231B546BF4003E94FE /* TealiumIQ.m */ = {isa = PBXFileReference; fileEncoding = 4; lastKnownFileType = sourcecode.c.objc; path = TealiumIQ.m; sourceTree = "<group>"; };
		71DA80271B54A2C7003E94FE /* design-25.png */ = {isa = PBXFileReference; lastKnownFileType = image.png; path = "design-25.png"; sourceTree = "<group>"; };
		71DA80281B54A2C7003E94FE /* settings_3-25.png */ = {isa = PBXFileReference; lastKnownFileType = image.png; path = "settings_3-25.png"; sourceTree = "<group>"; };
		71DE33AF1B505BBF007F3ADF /* TealiumDemo_Compact.app */ = {isa = PBXFileReference; explicitFileType = wrapper.application; includeInIndex = 0; path = TealiumDemo_Compact.app; sourceTree = BUILT_PRODUCTS_DIR; };
		71DE33B31B505BBF007F3ADF /* Info.plist */ = {isa = PBXFileReference; lastKnownFileType = text.plist.xml; path = Info.plist; sourceTree = "<group>"; };
		71DE33B41B505BBF007F3ADF /* main.m */ = {isa = PBXFileReference; lastKnownFileType = sourcecode.c.objc; path = main.m; sourceTree = "<group>"; };
		71DE33B61B505BBF007F3ADF /* AppDelegate.h */ = {isa = PBXFileReference; lastKnownFileType = sourcecode.c.h; path = AppDelegate.h; sourceTree = "<group>"; };
		71DE33B71B505BBF007F3ADF /* AppDelegate.m */ = {isa = PBXFileReference; lastKnownFileType = sourcecode.c.objc; path = AppDelegate.m; sourceTree = "<group>"; };
		71DE33C01B505BBF007F3ADF /* Base */ = {isa = PBXFileReference; lastKnownFileType = file.storyboard; name = Base; path = Base.lproj/Main.storyboard; sourceTree = "<group>"; };
		71DE33C21B505BBF007F3ADF /* Images.xcassets */ = {isa = PBXFileReference; lastKnownFileType = folder.assetcatalog; path = Images.xcassets; sourceTree = "<group>"; };
		71DE33C51B505BBF007F3ADF /* Base */ = {isa = PBXFileReference; lastKnownFileType = file.xib; name = Base; path = Base.lproj/LaunchScreen.xib; sourceTree = "<group>"; };
		71DE33CB1B505BBF007F3ADF /* TealiumDemoTests.xctest */ = {isa = PBXFileReference; explicitFileType = wrapper.cfbundle; includeInIndex = 0; path = TealiumDemoTests.xctest; sourceTree = BUILT_PRODUCTS_DIR; };
		71DE33D01B505BBF007F3ADF /* Info.plist */ = {isa = PBXFileReference; lastKnownFileType = text.plist.xml; path = Info.plist; sourceTree = "<group>"; };
		71DE33D11B505BBF007F3ADF /* TealiumDemoTests.m */ = {isa = PBXFileReference; lastKnownFileType = sourcecode.c.objc; path = TealiumDemoTests.m; sourceTree = "<group>"; };
		71DE33DB1B50607A007F3ADF /* Settings.h */ = {isa = PBXFileReference; fileEncoding = 4; lastKnownFileType = sourcecode.c.h; name = Settings.h; path = ViewControllers/Settings.h; sourceTree = "<group>"; };
		71DE33DC1B50607A007F3ADF /* Settings.m */ = {isa = PBXFileReference; fileEncoding = 4; lastKnownFileType = sourcecode.c.objc; name = Settings.m; path = ViewControllers/Settings.m; sourceTree = "<group>"; };
		71DE33DE1B506093007F3ADF /* APISampler.h */ = {isa = PBXFileReference; fileEncoding = 4; lastKnownFileType = sourcecode.c.h; name = APISampler.h; path = ViewControllers/APISampler.h; sourceTree = "<group>"; };
		71DE33DF1B506093007F3ADF /* APISampler.m */ = {isa = PBXFileReference; fileEncoding = 4; lastKnownFileType = sourcecode.c.objc; name = APISampler.m; path = ViewControllers/APISampler.m; sourceTree = "<group>"; };
		71DE33E21B5060C7007F3ADF /* FormItemCell.h */ = {isa = PBXFileReference; fileEncoding = 4; lastKnownFileType = sourcecode.c.h; name = FormItemCell.h; path = Views/FormItemCell.h; sourceTree = "<group>"; };
		71DE33E31B5060C7007F3ADF /* FormItemCell.m */ = {isa = PBXFileReference; fileEncoding = 4; lastKnownFileType = sourcecode.c.objc; name = FormItemCell.m; path = Views/FormItemCell.m; sourceTree = "<group>"; };
		71DE33E51B5060DF007F3ADF /* ButtonCell.h */ = {isa = PBXFileReference; fileEncoding = 4; lastKnownFileType = sourcecode.c.h; name = ButtonCell.h; path = Views/ButtonCell.h; sourceTree = "<group>"; };
		71DE33E61B5060DF007F3ADF /* ButtonCell.m */ = {isa = PBXFileReference; fileEncoding = 4; lastKnownFileType = sourcecode.c.objc; name = ButtonCell.m; path = Views/ButtonCell.m; sourceTree = "<group>"; };
		71DE33EC1B5067E1007F3ADF /* SystemConfiguration.framework */ = {isa = PBXFileReference; lastKnownFileType = wrapper.framework; name = SystemConfiguration.framework; path = System/Library/Frameworks/SystemConfiguration.framework; sourceTree = SDKROOT; };
/* End PBXFileReference section */

/* Begin PBXFrameworksBuildPhase section */
		71BB08361B5733C00064B326 /* Frameworks */ = {
			isa = PBXFrameworksBuildPhase;
			buildActionMask = 2147483647;
			files = (
				71BB08661B573C300064B326 /* TealiumLibrary.framework in Frameworks */,
				71BB08371B5733C00064B326 /* SystemConfiguration.framework in Frameworks */,
			);
			runOnlyForDeploymentPostprocessing = 0;
		};
		71BB084D1B5733F70064B326 /* Frameworks */ = {
			isa = PBXFrameworksBuildPhase;
			buildActionMask = 2147483647;
			files = (
				71BB084E1B5733F70064B326 /* SystemConfiguration.framework in Frameworks */,
				71BB086A1B573C430064B326 /* TealiumCollect.framework in Frameworks */,
				71BB086B1B573C430064B326 /* TealiumUtilities.framework in Frameworks */,
			);
			runOnlyForDeploymentPostprocessing = 0;
		};
		71BB08781B5741F90064B326 /* Frameworks */ = {
			isa = PBXFrameworksBuildPhase;
			buildActionMask = 2147483647;
			files = (
				71BB08871B5745B90064B326 /* TealiumLibrary.framework in Frameworks */,
				71BB087A1B5741F90064B326 /* SystemConfiguration.framework in Frameworks */,
			);
			runOnlyForDeploymentPostprocessing = 0;
		};
		71DE33AC1B505BBF007F3ADF /* Frameworks */ = {
			isa = PBXFrameworksBuildPhase;
			buildActionMask = 2147483647;
			files = (
				71DE33ED1B5067E1007F3ADF /* SystemConfiguration.framework in Frameworks */,
			);
			runOnlyForDeploymentPostprocessing = 0;
		};
		71DE33C81B505BBF007F3ADF /* Frameworks */ = {
			isa = PBXFrameworksBuildPhase;
			buildActionMask = 2147483647;
			files = (
			);
			runOnlyForDeploymentPostprocessing = 0;
		};
/* End PBXFrameworksBuildPhase section */

/* Begin PBXGroup section */
		71BB086C1B573C490064B326 /* Collect */ = {
			isa = PBXGroup;
			children = (
				71BB08671B573C430064B326 /* TealiumCollect.framework */,
				71BB08681B573C430064B326 /* TealiumCollectBridgingHeader.h */,
				71BB08691B573C430064B326 /* TealiumUtilities.framework */,
			);
			name = Collect;
			sourceTree = "<group>";
		};
		71BB086D1B573C4F0064B326 /* Compact */ = {
			isa = PBXGroup;
			children = (
				71BB08861B5745B90064B326 /* TealiumLibrary.framework */,
			);
			name = Compact;
			sourceTree = "<group>";
		};
		71BB086E1B573C590064B326 /* Full */ = {
			isa = PBXGroup;
			children = (
				71BB08651B573C300064B326 /* TealiumLibrary.framework */,
			);
			name = Full;
			sourceTree = "<group>";
		};
		71DA80211B546BF4003E94FE /* TealiumIQ */ = {
			isa = PBXGroup;
			children = (
				71DA80221B546BF4003E94FE /* TealiumIQ.h */,
				71DA80231B546BF4003E94FE /* TealiumIQ.m */,
			);
			path = TealiumIQ;
			sourceTree = "<group>";
		};
		71DA80251B54A2C7003E94FE /* Assets */ = {
			isa = PBXGroup;
			children = (
				71DA80261B54A2C7003E94FE /* Graphics */,
			);
			path = Assets;
			sourceTree = "<group>";
		};
		71DA80261B54A2C7003E94FE /* Graphics */ = {
			isa = PBXGroup;
			children = (
				71DA80271B54A2C7003E94FE /* design-25.png */,
				71DA80281B54A2C7003E94FE /* settings_3-25.png */,
			);
			path = Graphics;
			sourceTree = "<group>";
		};
		71DE33A61B505BBF007F3ADF = {
			isa = PBXGroup;
			children = (
				71DE33B11B505BBF007F3ADF /* TealiumDemo */,
				71DE33CE1B505BBF007F3ADF /* TealiumDemoTests */,
				71DE33B01B505BBF007F3ADF /* Products */,
				71DE33EB1B5065A3007F3ADF /* Frameworks */,
				71BB08431B5733C10064B326 /* TealiumDemo copy-Info.plist */,
				71BB085A1B5733F70064B326 /* TealiumDemo - Compact copy-Info.plist */,
				71BB08851B5741FA0064B326 /* TealiumDemo_Compact copy-Info.plist */,
			);
			sourceTree = "<group>";
		};
		71DE33B01B505BBF007F3ADF /* Products */ = {
			isa = PBXGroup;
			children = (
				71DE33AF1B505BBF007F3ADF /* TealiumDemo_Compact.app */,
				71DE33CB1B505BBF007F3ADF /* TealiumDemoTests.xctest */,
				71BB08421B5733C00064B326 /* TealiumDemo_Full.app */,
				71BB08591B5733F70064B326 /* TealiumDemo_Collect.app */,
				71BB08841B5741F90064B326 /* TealiumDemo_Compact copy.app */,
			);
			name = Products;
			sourceTree = "<group>";
		};
		71DE33B11B505BBF007F3ADF /* TealiumDemo */ = {
			isa = PBXGroup;
			children = (
				71DE33B61B505BBF007F3ADF /* AppDelegate.h */,
				71DE33B71B505BBF007F3ADF /* AppDelegate.m */,
				71DA80211B546BF4003E94FE /* TealiumIQ */,
				71DE33E81B5060E7007F3ADF /* Views */,
				71DE33E11B50609B007F3ADF /* ViewControllers */,
				71DE33BF1B505BBF007F3ADF /* Main.storyboard */,
				71DE33C21B505BBF007F3ADF /* Images.xcassets */,
				71DE33C41B505BBF007F3ADF /* LaunchScreen.xib */,
				71DA80251B54A2C7003E94FE /* Assets */,
				71DE33B21B505BBF007F3ADF /* Supporting Files */,
			);
			path = TealiumDemo;
			sourceTree = "<group>";
		};
		71DE33B21B505BBF007F3ADF /* Supporting Files */ = {
			isa = PBXGroup;
			children = (
				71DE33B31B505BBF007F3ADF /* Info.plist */,
				71DE33B41B505BBF007F3ADF /* main.m */,
			);
			name = "Supporting Files";
			sourceTree = "<group>";
		};
		71DE33CE1B505BBF007F3ADF /* TealiumDemoTests */ = {
			isa = PBXGroup;
			children = (
				71DE33D11B505BBF007F3ADF /* TealiumDemoTests.m */,
				71DE33CF1B505BBF007F3ADF /* Supporting Files */,
			);
			path = TealiumDemoTests;
			sourceTree = "<group>";
		};
		71DE33CF1B505BBF007F3ADF /* Supporting Files */ = {
			isa = PBXGroup;
			children = (
				71DE33D01B505BBF007F3ADF /* Info.plist */,
			);
			name = "Supporting Files";
			sourceTree = "<group>";
		};
		71DE33E11B50609B007F3ADF /* ViewControllers */ = {
			isa = PBXGroup;
			children = (
				71DE33DE1B506093007F3ADF /* APISampler.h */,
				71DE33DF1B506093007F3ADF /* APISampler.m */,
				71DE33DB1B50607A007F3ADF /* Settings.h */,
				71DE33DC1B50607A007F3ADF /* Settings.m */,
			);
			name = ViewControllers;
			sourceTree = "<group>";
		};
		71DE33E81B5060E7007F3ADF /* Views */ = {
			isa = PBXGroup;
			children = (
				71DE33E51B5060DF007F3ADF /* ButtonCell.h */,
				71DE33E61B5060DF007F3ADF /* ButtonCell.m */,
				71DE33E21B5060C7007F3ADF /* FormItemCell.h */,
				71DE33E31B5060C7007F3ADF /* FormItemCell.m */,
			);
			name = Views;
			sourceTree = "<group>";
		};
		71DE33EB1B5065A3007F3ADF /* Frameworks */ = {
			isa = PBXGroup;
			children = (
				71BB086C1B573C490064B326 /* Collect */,
				71BB086D1B573C4F0064B326 /* Compact */,
				71BB086E1B573C590064B326 /* Full */,
				71DE33EC1B5067E1007F3ADF /* SystemConfiguration.framework */,
			);
			name = Frameworks;
			sourceTree = "<group>";
		};
/* End PBXGroup section */

/* Begin PBXNativeTarget section */
		71BB082D1B5733C00064B326 /* TealiumDemo_Full */ = {
			isa = PBXNativeTarget;
			buildConfigurationList = 71BB083F1B5733C00064B326 /* Build configuration list for PBXNativeTarget "TealiumDemo_Full" */;
			buildPhases = (
				71BB082E1B5733C00064B326 /* Sources */,
				71BB08361B5733C00064B326 /* Frameworks */,
				71BB08391B5733C00064B326 /* Resources */,
			);
			buildRules = (
			);
			dependencies = (
			);
			name = TealiumDemo_Full;
			productName = TealiumDemo;
			productReference = 71BB08421B5733C00064B326 /* TealiumDemo_Full.app */;
			productType = "com.apple.product-type.application";
		};
		71BB08441B5733F70064B326 /* TealiumDemo_Collect */ = {
			isa = PBXNativeTarget;
			buildConfigurationList = 71BB08561B5733F70064B326 /* Build configuration list for PBXNativeTarget "TealiumDemo_Collect" */;
			buildPhases = (
				71BB08451B5733F70064B326 /* Sources */,
				71BB084D1B5733F70064B326 /* Frameworks */,
				71BB08501B5733F70064B326 /* Resources */,
			);
			buildRules = (
			);
			dependencies = (
			);
			name = TealiumDemo_Collect;
			productName = TealiumDemo;
			productReference = 71BB08591B5733F70064B326 /* TealiumDemo_Collect.app */;
			productType = "com.apple.product-type.application";
		};
		71BB086F1B5741F90064B326 /* TealiumDemo_Compact */ = {
			isa = PBXNativeTarget;
			buildConfigurationList = 71BB08811B5741F90064B326 /* Build configuration list for PBXNativeTarget "TealiumDemo_Compact" */;
			buildPhases = (
				71BB08701B5741F90064B326 /* Sources */,
				71BB08781B5741F90064B326 /* Frameworks */,
				71BB087B1B5741F90064B326 /* Resources */,
			);
			buildRules = (
			);
			dependencies = (
			);
			name = TealiumDemo_Compact;
			productName = TealiumDemo;
			productReference = 71BB08841B5741F90064B326 /* TealiumDemo_Compact copy.app */;
			productType = "com.apple.product-type.application";
		};
		71DE33AE1B505BBF007F3ADF /* TealiumDemo_Compactx */ = {
			isa = PBXNativeTarget;
			buildConfigurationList = 71DE33D51B505BBF007F3ADF /* Build configuration list for PBXNativeTarget "TealiumDemo_Compactx" */;
			buildPhases = (
				71DE33AB1B505BBF007F3ADF /* Sources */,
				71DE33AC1B505BBF007F3ADF /* Frameworks */,
				71DE33AD1B505BBF007F3ADF /* Resources */,
			);
			buildRules = (
			);
			dependencies = (
			);
			name = TealiumDemo_Compactx;
			productName = TealiumDemo;
			productReference = 71DE33AF1B505BBF007F3ADF /* TealiumDemo_Compact.app */;
			productType = "com.apple.product-type.application";
		};
		71DE33CA1B505BBF007F3ADF /* TealiumDemoTests */ = {
			isa = PBXNativeTarget;
			buildConfigurationList = 71DE33D81B505BBF007F3ADF /* Build configuration list for PBXNativeTarget "TealiumDemoTests" */;
			buildPhases = (
				71DE33C71B505BBF007F3ADF /* Sources */,
				71DE33C81B505BBF007F3ADF /* Frameworks */,
				71DE33C91B505BBF007F3ADF /* Resources */,
			);
			buildRules = (
			);
			dependencies = (
				71DE33CD1B505BBF007F3ADF /* PBXTargetDependency */,
			);
			name = TealiumDemoTests;
			productName = TealiumDemoTests;
			productReference = 71DE33CB1B505BBF007F3ADF /* TealiumDemoTests.xctest */;
			productType = "com.apple.product-type.bundle.unit-test";
		};
/* End PBXNativeTarget section */

/* Begin PBXProject section */
		71DE33A71B505BBF007F3ADF /* Project object */ = {
			isa = PBXProject;
			attributes = {
				LastUpgradeCheck = 0640;
				ORGANIZATIONNAME = teailum;
				TargetAttributes = {
					71DE33AE1B505BBF007F3ADF = {
						CreatedOnToolsVersion = 6.4;
					};
					71DE33CA1B505BBF007F3ADF = {
						CreatedOnToolsVersion = 6.4;
						TestTargetID = 71DE33AE1B505BBF007F3ADF;
					};
				};
			};
			buildConfigurationList = 71DE33AA1B505BBF007F3ADF /* Build configuration list for PBXProject "TealiumDemo" */;
			compatibilityVersion = "Xcode 3.2";
			developmentRegion = English;
			hasScannedForEncodings = 0;
			knownRegions = (
				en,
				Base,
			);
			mainGroup = 71DE33A61B505BBF007F3ADF;
			productRefGroup = 71DE33B01B505BBF007F3ADF /* Products */;
			projectDirPath = "";
			projectRoot = "";
			targets = (
				71BB08441B5733F70064B326 /* TealiumDemo_Collect */,
				71BB086F1B5741F90064B326 /* TealiumDemo_Compact */,
				71DE33AE1B505BBF007F3ADF /* TealiumDemo_Compactx */,
				71BB082D1B5733C00064B326 /* TealiumDemo_Full */,
				71DE33CA1B505BBF007F3ADF /* TealiumDemoTests */,
			);
		};
/* End PBXProject section */

/* Begin PBXResourcesBuildPhase section */
		71BB08391B5733C00064B326 /* Resources */ = {
			isa = PBXResourcesBuildPhase;
			buildActionMask = 2147483647;
			files = (
				71BB083A1B5733C00064B326 /* Main.storyboard in Resources */,
				71BB083B1B5733C00064B326 /* LaunchScreen.xib in Resources */,
				71BB083C1B5733C00064B326 /* settings_3-25.png in Resources */,
				71BB083D1B5733C00064B326 /* design-25.png in Resources */,
				71BB083E1B5733C00064B326 /* Images.xcassets in Resources */,
			);
			runOnlyForDeploymentPostprocessing = 0;
		};
		71BB08501B5733F70064B326 /* Resources */ = {
			isa = PBXResourcesBuildPhase;
			buildActionMask = 2147483647;
			files = (
				71BB08511B5733F70064B326 /* Main.storyboard in Resources */,
				71BB08521B5733F70064B326 /* LaunchScreen.xib in Resources */,
				71BB08531B5733F70064B326 /* settings_3-25.png in Resources */,
				71BB08541B5733F70064B326 /* design-25.png in Resources */,
				71BB08551B5733F70064B326 /* Images.xcassets in Resources */,
			);
			runOnlyForDeploymentPostprocessing = 0;
		};
		71BB087B1B5741F90064B326 /* Resources */ = {
			isa = PBXResourcesBuildPhase;
			buildActionMask = 2147483647;
			files = (
				71BB087C1B5741F90064B326 /* Main.storyboard in Resources */,
				71BB087D1B5741F90064B326 /* LaunchScreen.xib in Resources */,
				71BB087E1B5741F90064B326 /* settings_3-25.png in Resources */,
				71BB087F1B5741F90064B326 /* design-25.png in Resources */,
				71BB08801B5741F90064B326 /* Images.xcassets in Resources */,
			);
			runOnlyForDeploymentPostprocessing = 0;
		};
		71DE33AD1B505BBF007F3ADF /* Resources */ = {
			isa = PBXResourcesBuildPhase;
			buildActionMask = 2147483647;
			files = (
				71DE33C11B505BBF007F3ADF /* Main.storyboard in Resources */,
				71DE33C61B505BBF007F3ADF /* LaunchScreen.xib in Resources */,
				71DA802A1B54A2C7003E94FE /* settings_3-25.png in Resources */,
				71DA80291B54A2C7003E94FE /* design-25.png in Resources */,
				71DE33C31B505BBF007F3ADF /* Images.xcassets in Resources */,
			);
			runOnlyForDeploymentPostprocessing = 0;
		};
		71DE33C91B505BBF007F3ADF /* Resources */ = {
			isa = PBXResourcesBuildPhase;
			buildActionMask = 2147483647;
			files = (
			);
			runOnlyForDeploymentPostprocessing = 0;
		};
/* End PBXResourcesBuildPhase section */

/* Begin PBXSourcesBuildPhase section */
		71BB082E1B5733C00064B326 /* Sources */ = {
			isa = PBXSourcesBuildPhase;
			buildActionMask = 2147483647;
			files = (
				71BB082F1B5733C00064B326 /* FormItemCell.m in Sources */,
				71BB08301B5733C00064B326 /* ButtonCell.m in Sources */,
				71BB08311B5733C00064B326 /* TealiumIQ.m in Sources */,
				71BB08321B5733C00064B326 /* AppDelegate.m in Sources */,
				71BB08331B5733C00064B326 /* APISampler.m in Sources */,
				71BB08341B5733C00064B326 /* main.m in Sources */,
				71BB08351B5733C00064B326 /* Settings.m in Sources */,
			);
			runOnlyForDeploymentPostprocessing = 0;
		};
		71BB08451B5733F70064B326 /* Sources */ = {
			isa = PBXSourcesBuildPhase;
			buildActionMask = 2147483647;
			files = (
				71BB08461B5733F70064B326 /* FormItemCell.m in Sources */,
				71BB08471B5733F70064B326 /* ButtonCell.m in Sources */,
				71BB08481B5733F70064B326 /* TealiumIQ.m in Sources */,
				71BB08491B5733F70064B326 /* AppDelegate.m in Sources */,
				71BB084A1B5733F70064B326 /* APISampler.m in Sources */,
				71BB084B1B5733F70064B326 /* main.m in Sources */,
				71BB084C1B5733F70064B326 /* Settings.m in Sources */,
			);
			runOnlyForDeploymentPostprocessing = 0;
		};
		71BB08701B5741F90064B326 /* Sources */ = {
			isa = PBXSourcesBuildPhase;
			buildActionMask = 2147483647;
			files = (
				71BB08711B5741F90064B326 /* FormItemCell.m in Sources */,
				71BB08721B5741F90064B326 /* ButtonCell.m in Sources */,
				71BB08731B5741F90064B326 /* TealiumIQ.m in Sources */,
				71BB08741B5741F90064B326 /* AppDelegate.m in Sources */,
				71BB08751B5741F90064B326 /* APISampler.m in Sources */,
				71BB08761B5741F90064B326 /* main.m in Sources */,
				71BB08771B5741F90064B326 /* Settings.m in Sources */,
			);
			runOnlyForDeploymentPostprocessing = 0;
		};
		71DE33AB1B505BBF007F3ADF /* Sources */ = {
			isa = PBXSourcesBuildPhase;
			buildActionMask = 2147483647;
			files = (
				71DE33E41B5060C7007F3ADF /* FormItemCell.m in Sources */,
				71DE33E71B5060DF007F3ADF /* ButtonCell.m in Sources */,
				71DA80241B546BF4003E94FE /* TealiumIQ.m in Sources */,
				71DE33B81B505BBF007F3ADF /* AppDelegate.m in Sources */,
				71DE33E01B506093007F3ADF /* APISampler.m in Sources */,
				71DE33B51B505BBF007F3ADF /* main.m in Sources */,
				71DE33DD1B50607A007F3ADF /* Settings.m in Sources */,
			);
			runOnlyForDeploymentPostprocessing = 0;
		};
		71DE33C71B505BBF007F3ADF /* Sources */ = {
			isa = PBXSourcesBuildPhase;
			buildActionMask = 2147483647;
			files = (
				71DE33D21B505BBF007F3ADF /* TealiumDemoTests.m in Sources */,
			);
			runOnlyForDeploymentPostprocessing = 0;
		};
/* End PBXSourcesBuildPhase section */

/* Begin PBXTargetDependency section */
		71DE33CD1B505BBF007F3ADF /* PBXTargetDependency */ = {
			isa = PBXTargetDependency;
			target = 71DE33AE1B505BBF007F3ADF /* TealiumDemo_Compactx */;
			targetProxy = 71DE33CC1B505BBF007F3ADF /* PBXContainerItemProxy */;
		};
/* End PBXTargetDependency section */

/* Begin PBXVariantGroup section */
		71DE33BF1B505BBF007F3ADF /* Main.storyboard */ = {
			isa = PBXVariantGroup;
			children = (
				71DE33C01B505BBF007F3ADF /* Base */,
			);
			name = Main.storyboard;
			sourceTree = "<group>";
		};
		71DE33C41B505BBF007F3ADF /* LaunchScreen.xib */ = {
			isa = PBXVariantGroup;
			children = (
				71DE33C51B505BBF007F3ADF /* Base */,
			);
			name = LaunchScreen.xib;
			sourceTree = "<group>";
		};
/* End PBXVariantGroup section */

/* Begin XCBuildConfiguration section */
		71BB08401B5733C00064B326 /* Debug */ = {
			isa = XCBuildConfiguration;
			buildSettings = {
				ASSETCATALOG_COMPILER_APPICON_NAME = AppIcon;
				FRAMEWORK_SEARCH_PATHS = (
					"$(inherited)",
					"$(PROJECT_DIR)",
					"/Users/jasonkoo/Tealium/ios-library/TealiumFull",
					"$(PROJECT_DIR)/TealiumDemo/Libraries/Full",
				);
				GCC_PREPROCESSOR_DEFINITIONS = (
					"FULL=1",
					"DEBUG=1",
				);
				INFOPLIST_FILE = "TealiumDemo copy-Info.plist";
				IPHONEOS_DEPLOYMENT_TARGET = 8.1;
				LD_RUNPATH_SEARCH_PATHS = "$(inherited) @executable_path/Frameworks";
				OTHER_LDFLAGS = "-ObjC";
				PRODUCT_MODULE_NAME = TealiumDemo_Full;
				PRODUCT_NAME = TealiumDemo_Full;
			};
			name = Debug;
		};
		71BB08411B5733C00064B326 /* Release */ = {
			isa = XCBuildConfiguration;
			buildSettings = {
				ASSETCATALOG_COMPILER_APPICON_NAME = AppIcon;
				FRAMEWORK_SEARCH_PATHS = (
					"$(inherited)",
					"$(PROJECT_DIR)",
					"/Users/jasonkoo/Tealium/ios-library/TealiumFull",
					"$(PROJECT_DIR)/TealiumDemo/Libraries/Full",
				);
				GCC_PREPROCESSOR_DEFINITIONS = "FULL=1";
				INFOPLIST_FILE = "TealiumDemo copy-Info.plist";
				IPHONEOS_DEPLOYMENT_TARGET = 8.1;
				LD_RUNPATH_SEARCH_PATHS = "$(inherited) @executable_path/Frameworks";
				OTHER_LDFLAGS = "-ObjC";
				PRODUCT_MODULE_NAME = TealiumDemo_Full;
				PRODUCT_NAME = TealiumDemo_Full;
			};
			name = Release;
		};
		71BB08571B5733F70064B326 /* Debug */ = {
			isa = XCBuildConfiguration;
			buildSettings = {
				ASSETCATALOG_COMPILER_APPICON_NAME = AppIcon;
				FRAMEWORK_SEARCH_PATHS = (
					"$(inherited)",
					"$(PROJECT_DIR)",
					"$(PROJECT_DIR)/TealiumDemo/Libraries/Collect",
				);
				GCC_PREPROCESSOR_DEFINITIONS = (
					"DEBUG=1",
					"$(inherited)",
					"COLLECT=1",
				);
				INFOPLIST_FILE = "TealiumDemo - Compact copy-Info.plist";
				IPHONEOS_DEPLOYMENT_TARGET = 8.1;
				LD_RUNPATH_SEARCH_PATHS = "$(inherited) @executable_path/Frameworks";
				OTHER_LDFLAGS = "-ObjC";
				PRODUCT_NAME = TealiumDemo_Collect;
			};
			name = Debug;
		};
		71BB08581B5733F70064B326 /* Release */ = {
			isa = XCBuildConfiguration;
			buildSettings = {
				ASSETCATALOG_COMPILER_APPICON_NAME = AppIcon;
				FRAMEWORK_SEARCH_PATHS = (
					"$(inherited)",
					"$(PROJECT_DIR)",
					"$(PROJECT_DIR)/TealiumDemo/Libraries/Collect",
				);
				GCC_PREPROCESSOR_DEFINITIONS = "COLLECT=1";
				INFOPLIST_FILE = "TealiumDemo - Compact copy-Info.plist";
				IPHONEOS_DEPLOYMENT_TARGET = 8.1;
				LD_RUNPATH_SEARCH_PATHS = "$(inherited) @executable_path/Frameworks";
				OTHER_LDFLAGS = "-ObjC";
				PRODUCT_NAME = TealiumDemo_Collect;
			};
			name = Release;
		};
		71BB08821B5741F90064B326 /* Debug */ = {
			isa = XCBuildConfiguration;
			buildSettings = {
				ASSETCATALOG_COMPILER_APPICON_NAME = AppIcon;
				FRAMEWORK_SEARCH_PATHS = (
					"$(inherited)",
					"$(PROJECT_DIR)",
					"/Users/jasonkoo/Tealium/ios-library/TealiumCompact",
					"$(PROJECT_DIR)/TealiumDemo/Libraries/Compact",
				);
				GCC_PREPROCESSOR_DEFINITIONS = (
					"COMPACT=1",
					"DEBUG=1",
				);
				INFOPLIST_FILE = "TealiumDemo_Compact copy-Info.plist";
				IPHONEOS_DEPLOYMENT_TARGET = 8.1;
				LD_RUNPATH_SEARCH_PATHS = "$(inherited) @executable_path/Frameworks";
				OTHER_LDFLAGS = "-ObjC";
				PRODUCT_NAME = "TealiumDemo_Compact copy";
			};
			name = Debug;
		};
		71BB08831B5741F90064B326 /* Release */ = {
			isa = XCBuildConfiguration;
			buildSettings = {
				ASSETCATALOG_COMPILER_APPICON_NAME = AppIcon;
				FRAMEWORK_SEARCH_PATHS = (
					"$(inherited)",
					"$(PROJECT_DIR)",
					"/Users/jasonkoo/Tealium/ios-library/TealiumCompact",
					"$(PROJECT_DIR)/TealiumDemo/Libraries/Compact",
				);
				GCC_PREPROCESSOR_DEFINITIONS = "COMPACT=1";
				INFOPLIST_FILE = "TealiumDemo_Compact copy-Info.plist";
				IPHONEOS_DEPLOYMENT_TARGET = 8.1;
				LD_RUNPATH_SEARCH_PATHS = "$(inherited) @executable_path/Frameworks";
				OTHER_LDFLAGS = "-ObjC";
				PRODUCT_NAME = "TealiumDemo_Compact copy";
			};
			name = Release;
		};
		71DE33D31B505BBF007F3ADF /* Debug */ = {
			isa = XCBuildConfiguration;
			buildSettings = {
				ALWAYS_SEARCH_USER_PATHS = NO;
				CLANG_CXX_LANGUAGE_STANDARD = "gnu++0x";
				CLANG_CXX_LIBRARY = "libc++";
				CLANG_ENABLE_MODULES = YES;
				CLANG_ENABLE_OBJC_ARC = YES;
				CLANG_WARN_BOOL_CONVERSION = YES;
				CLANG_WARN_CONSTANT_CONVERSION = YES;
				CLANG_WARN_DIRECT_OBJC_ISA_USAGE = YES_ERROR;
				CLANG_WARN_EMPTY_BODY = YES;
				CLANG_WARN_ENUM_CONVERSION = YES;
				CLANG_WARN_INT_CONVERSION = YES;
				CLANG_WARN_OBJC_ROOT_CLASS = YES_ERROR;
				CLANG_WARN_UNREACHABLE_CODE = YES;
				CLANG_WARN__DUPLICATE_METHOD_MATCH = YES;
				"CODE_SIGN_IDENTITY[sdk=iphoneos*]" = "iPhone Developer";
				COPY_PHASE_STRIP = NO;
				DEBUG_INFORMATION_FORMAT = "dwarf-with-dsym";
				ENABLE_STRICT_OBJC_MSGSEND = YES;
				GCC_C_LANGUAGE_STANDARD = gnu99;
				GCC_DYNAMIC_NO_PIC = NO;
				GCC_NO_COMMON_BLOCKS = YES;
				GCC_OPTIMIZATION_LEVEL = 0;
				GCC_PREPROCESSOR_DEFINITIONS = (
					"DEBUG=1",
					"$(inherited)",
				);
				GCC_SYMBOLS_PRIVATE_EXTERN = NO;
				GCC_WARN_64_TO_32_BIT_CONVERSION = YES;
				GCC_WARN_ABOUT_RETURN_TYPE = YES_ERROR;
				GCC_WARN_UNDECLARED_SELECTOR = YES;
				GCC_WARN_UNINITIALIZED_AUTOS = YES_AGGRESSIVE;
				GCC_WARN_UNUSED_FUNCTION = YES;
				GCC_WARN_UNUSED_VARIABLE = YES;
				IPHONEOS_DEPLOYMENT_TARGET = 8.4;
				MTL_ENABLE_DEBUG_INFO = YES;
				ONLY_ACTIVE_ARCH = YES;
				SDKROOT = iphoneos;
			};
			name = Debug;
		};
		71DE33D41B505BBF007F3ADF /* Release */ = {
			isa = XCBuildConfiguration;
			buildSettings = {
				ALWAYS_SEARCH_USER_PATHS = NO;
				CLANG_CXX_LANGUAGE_STANDARD = "gnu++0x";
				CLANG_CXX_LIBRARY = "libc++";
				CLANG_ENABLE_MODULES = YES;
				CLANG_ENABLE_OBJC_ARC = YES;
				CLANG_WARN_BOOL_CONVERSION = YES;
				CLANG_WARN_CONSTANT_CONVERSION = YES;
				CLANG_WARN_DIRECT_OBJC_ISA_USAGE = YES_ERROR;
				CLANG_WARN_EMPTY_BODY = YES;
				CLANG_WARN_ENUM_CONVERSION = YES;
				CLANG_WARN_INT_CONVERSION = YES;
				CLANG_WARN_OBJC_ROOT_CLASS = YES_ERROR;
				CLANG_WARN_UNREACHABLE_CODE = YES;
				CLANG_WARN__DUPLICATE_METHOD_MATCH = YES;
				"CODE_SIGN_IDENTITY[sdk=iphoneos*]" = "iPhone Developer";
				COPY_PHASE_STRIP = NO;
				DEBUG_INFORMATION_FORMAT = "dwarf-with-dsym";
				ENABLE_NS_ASSERTIONS = NO;
				ENABLE_STRICT_OBJC_MSGSEND = YES;
				GCC_C_LANGUAGE_STANDARD = gnu99;
				GCC_NO_COMMON_BLOCKS = YES;
				GCC_WARN_64_TO_32_BIT_CONVERSION = YES;
				GCC_WARN_ABOUT_RETURN_TYPE = YES_ERROR;
				GCC_WARN_UNDECLARED_SELECTOR = YES;
				GCC_WARN_UNINITIALIZED_AUTOS = YES_AGGRESSIVE;
				GCC_WARN_UNUSED_FUNCTION = YES;
				GCC_WARN_UNUSED_VARIABLE = YES;
				IPHONEOS_DEPLOYMENT_TARGET = 8.4;
				MTL_ENABLE_DEBUG_INFO = NO;
				SDKROOT = iphoneos;
				VALIDATE_PRODUCT = YES;
			};
			name = Release;
		};
		71DE33D61B505BBF007F3ADF /* Debug */ = {
			isa = XCBuildConfiguration;
			buildSettings = {
				ASSETCATALOG_COMPILER_APPICON_NAME = AppIcon;
				FRAMEWORK_SEARCH_PATHS = (
					"$(inherited)",
					"$(PROJECT_DIR)",
					"/Users/jasonkoo/Tealium/ios-library/TealiumCompact",
					"$(PROJECT_DIR)/TealiumDemo/Libraries/Compact",
				);
				GCC_PREPROCESSOR_DEFINITIONS = (
					"COMPACT=1",
					"DEBUG=1",
				);
				INFOPLIST_FILE = TealiumDemo/Info.plist;
				IPHONEOS_DEPLOYMENT_TARGET = 8.1;
				LD_RUNPATH_SEARCH_PATHS = "$(inherited) @executable_path/Frameworks";
				OTHER_LDFLAGS = "-ObjC";
				PRODUCT_NAME = "$(TARGET_NAME)";
			};
			name = Debug;
		};
		71DE33D71B505BBF007F3ADF /* Release */ = {
			isa = XCBuildConfiguration;
			buildSettings = {
				ASSETCATALOG_COMPILER_APPICON_NAME = AppIcon;
				FRAMEWORK_SEARCH_PATHS = (
					"$(inherited)",
					"$(PROJECT_DIR)",
					"/Users/jasonkoo/Tealium/ios-library/TealiumCompact",
					"$(PROJECT_DIR)/TealiumDemo/Libraries/Compact",
				);
				GCC_PREPROCESSOR_DEFINITIONS = "COMPACT=1";
				INFOPLIST_FILE = TealiumDemo/Info.plist;
				IPHONEOS_DEPLOYMENT_TARGET = 8.1;
				LD_RUNPATH_SEARCH_PATHS = "$(inherited) @executable_path/Frameworks";
				OTHER_LDFLAGS = "-ObjC";
				PRODUCT_NAME = "$(TARGET_NAME)";
			};
			name = Release;
		};
		71DE33D91B505BBF007F3ADF /* Debug */ = {
			isa = XCBuildConfiguration;
			buildSettings = {
				BUNDLE_LOADER = "$(TEST_HOST)";
				FRAMEWORK_SEARCH_PATHS = (
					"$(SDKROOT)/Developer/Library/Frameworks",
					"$(inherited)",
				);
				GCC_PREPROCESSOR_DEFINITIONS = (
					"DEBUG=1",
					"$(inherited)",
				);
				INFOPLIST_FILE = TealiumDemoTests/Info.plist;
				LD_RUNPATH_SEARCH_PATHS = "$(inherited) @executable_path/Frameworks @loader_path/Frameworks";
				PRODUCT_NAME = "$(TARGET_NAME)";
				TEST_HOST = "$(BUILT_PRODUCTS_DIR)/TealiumDemo.app/TealiumDemo";
			};
			name = Debug;
		};
		71DE33DA1B505BBF007F3ADF /* Release */ = {
			isa = XCBuildConfiguration;
			buildSettings = {
				BUNDLE_LOADER = "$(TEST_HOST)";
				FRAMEWORK_SEARCH_PATHS = (
					"$(SDKROOT)/Developer/Library/Frameworks",
					"$(inherited)",
				);
				INFOPLIST_FILE = TealiumDemoTests/Info.plist;
				LD_RUNPATH_SEARCH_PATHS = "$(inherited) @executable_path/Frameworks @loader_path/Frameworks";
				PRODUCT_NAME = "$(TARGET_NAME)";
				TEST_HOST = "$(BUILT_PRODUCTS_DIR)/TealiumDemo.app/TealiumDemo";
			};
			name = Release;
		};
/* End XCBuildConfiguration section */

/* Begin XCConfigurationList section */
		71BB083F1B5733C00064B326 /* Build configuration list for PBXNativeTarget "TealiumDemo_Full" */ = {
			isa = XCConfigurationList;
			buildConfigurations = (
				71BB08401B5733C00064B326 /* Debug */,
				71BB08411B5733C00064B326 /* Release */,
			);
			defaultConfigurationIsVisible = 0;
			defaultConfigurationName = Release;
		};
		71BB08561B5733F70064B326 /* Build configuration list for PBXNativeTarget "TealiumDemo_Collect" */ = {
			isa = XCConfigurationList;
			buildConfigurations = (
				71BB08571B5733F70064B326 /* Debug */,
				71BB08581B5733F70064B326 /* Release */,
			);
			defaultConfigurationIsVisible = 0;
			defaultConfigurationName = Release;
		};
		71BB08811B5741F90064B326 /* Build configuration list for PBXNativeTarget "TealiumDemo_Compact" */ = {
			isa = XCConfigurationList;
			buildConfigurations = (
				71BB08821B5741F90064B326 /* Debug */,
				71BB08831B5741F90064B326 /* Release */,
			);
			defaultConfigurationIsVisible = 0;
			defaultConfigurationName = Release;
		};
		71DE33AA1B505BBF007F3ADF /* Build configuration list for PBXProject "TealiumDemo" */ = {
			isa = XCConfigurationList;
			buildConfigurations = (
				71DE33D31B505BBF007F3ADF /* Debug */,
				71DE33D41B505BBF007F3ADF /* Release */,
			);
			defaultConfigurationIsVisible = 0;
			defaultConfigurationName = Release;
		};
		71DE33D51B505BBF007F3ADF /* Build configuration list for PBXNativeTarget "TealiumDemo_Compactx" */ = {
			isa = XCConfigurationList;
			buildConfigurations = (
				71DE33D61B505BBF007F3ADF /* Debug */,
				71DE33D71B505BBF007F3ADF /* Release */,
			);
			defaultConfigurationIsVisible = 0;
			defaultConfigurationName = Release;
		};
		71DE33D81B505BBF007F3ADF /* Build configuration list for PBXNativeTarget "TealiumDemoTests" */ = {
			isa = XCConfigurationList;
			buildConfigurations = (
				71DE33D91B505BBF007F3ADF /* Debug */,
				71DE33DA1B505BBF007F3ADF /* Release */,
			);
			defaultConfigurationIsVisible = 0;
			defaultConfigurationName = Release;
		};
/* End XCConfigurationList section */
	};
	rootObject = 71DE33A71B505BBF007F3ADF /* Project object */;
}
